# This file is automatically @generated by Cargo.
# It is not intended for manual editing.
version = 3

[[package]]
name = "cforge-backends"
version = "0.1.0"
dependencies = [
 "cforge-core",
]

[[package]]
name = "cforge-cli"
version = "0.1.0"
dependencies = [
 "cforge-backends",
 "cforge-core",
 "cforge-metrics",
 "cforge-parser",
]

[[package]]
name = "cforge-core"
version = "0.1.0"

[[package]]
name = "cforge-metrics"
version = "0.1.0"
dependencies = [
 "cforge-core",
]

[[package]]
name = "cforge-parser"
version = "0.1.0"
dependencies = [
 "cforge-core",
]
